
Microsoft Visual Studio Solution File, Format Version 12.00
# Visual Studio Version 16
VisualStudioVersion = 16.0.30503.244
MinimumVisualStudioVersion = 10.0.40219.1
Project("{8BC9CEB8-8B4A-11D0-8D11-00A0C91BC942}") = "LSTM", "LSTM.vcxproj", "{77704513-0A39-44B4-AFC6-532335818926}"
EndProject
Global
	GlobalSection(SolutionConfigurationPlatforms) = preSolution
		Debug|x64 = Debug|x64
		Debug|x86 = Debug|x86
		Release|x64 = Release|x64
		Release|x86 = Release|x86
	EndGlobalSection
	GlobalSection(ProjectConfigurationPlatforms) = postSolution
		{77704513-0A39-44B4-AFC6-532335818926}.Debug|x64.ActiveCfg = Debug|x64
		{77704513-0A39-44B4-AFC6-532335818926}.Debug|x64.Build.0 = Debug|x64
		{77704513-0A39-44B4-AFC6-532335818926}.Debug|x86.ActiveCfg = Debug|Win32
		{77704513-0A39-44B4-AFC6-532335818926}.Debug|x86.Build.0 = Debug|Win32
		{77704513-0A39-44B4-AFC6-532335818926}.Release|x64.ActiveCfg = Release|x64
		{77704513-0A39-44B4-AFC6-532335818926}.Release|x64.Build.0 = Release|x64
		{77704513-0A39-44B4-AFC6-532335818926}.Release|x86.ActiveCfg = Release|Win32
		{77704513-0A39-44B4-AFC6-532335818926}.Release|x86.Build.0 = Release|Win32
	EndGlobalSection
	GlobalSection(SolutionProperties) = preSolution
		HideSolutionNode = FALSE
	EndGlobalSection
	GlobalSection(ExtensibilityGlobals) = postSolution
		SolutionGuid = {99235F49-A2F6-4B98-B15A-C87ED2C451F1}
	EndGlobalSection
EndGlobal
