
Microsoft Visual Studio Solution File, Format Version 12.00
# Visual Studio 15
VisualStudioVersion = 15.0.28307.1209
MinimumVisualStudioVersion = 10.0.40219.1
Project("{8BC9CEB8-8B4A-11D0-8D11-00A0C91BC942}") = "naive_bayes", "naive_bayes\naive_bayes.vcxproj", "{43256251-7044-474B-B2F7-0E0ADB25FFAF}"
EndProject
Global
	GlobalSection(SolutionConfigurationPlatforms) = preSolution
		Debug|x64 = Debug|x64
		Debug|x86 = Debug|x86
		Release|x64 = Release|x64
		Release|x86 = Release|x86
	EndGlobalSection
	GlobalSection(ProjectConfigurationPlatforms) = postSolution
		{43256251-7044-474B-B2F7-0E0ADB25FFAF}.Debug|x64.ActiveCfg = Debug|x64
		{43256251-7044-474B-B2F7-0E0ADB25FFAF}.Debug|x64.Build.0 = Debug|x64
		{43256251-7044-474B-B2F7-0E0ADB25FFAF}.Debug|x86.ActiveCfg = Debug|Win32
		{43256251-7044-474B-B2F7-0E0ADB25FFAF}.Debug|x86.Build.0 = Debug|Win32
		{43256251-7044-474B-B2F7-0E0ADB25FFAF}.Release|x64.ActiveCfg = Release|x64
		{43256251-7044-474B-B2F7-0E0ADB25FFAF}.Release|x64.Build.0 = Release|x64
		{43256251-7044-474B-B2F7-0E0ADB25FFAF}.Release|x86.ActiveCfg = Release|Win32
		{43256251-7044-474B-B2F7-0E0ADB25FFAF}.Release|x86.Build.0 = Release|Win32
	EndGlobalSection
	GlobalSection(SolutionProperties) = preSolution
		HideSolutionNode = FALSE
	EndGlobalSection
	GlobalSection(ExtensibilityGlobals) = postSolution
		SolutionGuid = {050A3F67-F2CD-4C08-9C27-0C9319C3D95A}
	EndGlobalSection
EndGlobal
