
Microsoft Visual Studio Solution File, Format Version 12.00
# Visual Studio 15
VisualStudioVersion = 15.0.28307.1209
MinimumVisualStudioVersion = 10.0.40219.1
Project("{8BC9CEB8-8B4A-11D0-8D11-00A0C91BC942}") = "new_knn", "new_knn\new_knn.vcxproj", "{FAFF3467-6C3C-4D52-86B1-1F25384507D7}"
EndProject
Global
	GlobalSection(SolutionConfigurationPlatforms) = preSolution
		Debug|x64 = Debug|x64
		Debug|x86 = Debug|x86
		Release|x64 = Release|x64
		Release|x86 = Release|x86
	EndGlobalSection
	GlobalSection(ProjectConfigurationPlatforms) = postSolution
		{FAFF3467-6C3C-4D52-86B1-1F25384507D7}.Debug|x64.ActiveCfg = Debug|x64
		{FAFF3467-6C3C-4D52-86B1-1F25384507D7}.Debug|x64.Build.0 = Debug|x64
		{FAFF3467-6C3C-4D52-86B1-1F25384507D7}.Debug|x86.ActiveCfg = Debug|Win32
		{FAFF3467-6C3C-4D52-86B1-1F25384507D7}.Debug|x86.Build.0 = Debug|Win32
		{FAFF3467-6C3C-4D52-86B1-1F25384507D7}.Release|x64.ActiveCfg = Release|x64
		{FAFF3467-6C3C-4D52-86B1-1F25384507D7}.Release|x64.Build.0 = Release|x64
		{FAFF3467-6C3C-4D52-86B1-1F25384507D7}.Release|x86.ActiveCfg = Release|Win32
		{FAFF3467-6C3C-4D52-86B1-1F25384507D7}.Release|x86.Build.0 = Release|Win32
	EndGlobalSection
	GlobalSection(SolutionProperties) = preSolution
		HideSolutionNode = FALSE
	EndGlobalSection
	GlobalSection(ExtensibilityGlobals) = postSolution
		SolutionGuid = {46B5181A-33CA-49E0-99FE-6AF41855DDC4}
	EndGlobalSection
EndGlobal
